
Microsoft Visual Studio Solution File, Format Version 12.00
# Visual Studio 2017
Project("{FAE04EC0-301F-11D3-BF4B-00C04F79EFBC}") = "SpatialDemo", "SpatialDemo.csproj", "{80E6DA6F-BFB2-E5F0-98D0-63830D115175}"
EndProject
Project("{FAE04EC0-301F-11D3-BF4B-00C04F79EFBC}") = "SpatialDemo.Editor", "SpatialDemo.Editor.csproj", "{6DAF801F-66FE-FFB1-D204-D55B1015045F}"
EndProject
Global
	GlobalSection(SolutionConfigurationPlatforms) = preSolution
		Debug|Any CPU = Debug|Any CPU
		Release|Any CPU = Release|Any CPU
	EndGlobalSection
	GlobalSection(ProjectConfigurationPlatforms) = postSolution
		{80E6DA6F-BFB2-E5F0-98D0-63830D115175}.Debug|Any CPU.ActiveCfg = Debug|Any CPU
		{80E6DA6F-BFB2-E5F0-98D0-63830D115175}.Debug|Any CPU.Build.0 = Debug|Any CPU
		{80E6DA6F-BFB2-E5F0-98D0-63830D115175}.Release|Any CPU.ActiveCfg = Release|Any CPU
		{80E6DA6F-BFB2-E5F0-98D0-63830D115175}.Release|Any CPU.Build.0 = Release|Any CPU
		{6DAF801F-66FE-FFB1-D204-D55B1015045F}.Debug|Any CPU.ActiveCfg = Debug|Any CPU
		{6DAF801F-66FE-FFB1-D204-D55B1015045F}.Debug|Any CPU.Build.0 = Debug|Any CPU
		{6DAF801F-66FE-FFB1-D204-D55B1015045F}.Release|Any CPU.ActiveCfg = Release|Any CPU
		{6DAF801F-66FE-FFB1-D204-D55B1015045F}.Release|Any CPU.Build.0 = Release|Any CPU
	EndGlobalSection
	GlobalSection(SolutionProperties) = preSolution
		HideSolutionNode = FALSE
	EndGlobalSection
EndGlobal
